// !$*UTF8*$!
{
	archiveVersion = 1;
	classes = {
	};
	objectVersion = 50;
	objects = {

/* Begin PBXBuildFile section */
		95169F5C26E63E90005B3239 /* CarsSwifrUIApp.swift in Sources */ = {isa = PBXBuildFile; fileRef = 95169F5B26E63E90005B3239 /* CarsSwifrUIApp.swift */; };
		95169F5E26E63E90005B3239 /* ContentView.swift in Sources */ = {isa = PBXBuildFile; fileRef = 95169F5D26E63E90005B3239 /* ContentView.swift */; };
		95169F6026E63E95005B3239 /* Assets.xcassets in Resources */ = {isa = PBXBuildFile; fileRef = 95169F5F26E63E95005B3239 /* Assets.xcassets */; };
		95169F6326E63E95005B3239 /* Preview Assets.xcassets in Resources */ = {isa = PBXBuildFile; fileRef = 95169F6226E63E95005B3239 /* Preview Assets.xcassets */; };
		95169F6B26E64210005B3239 /* CarRow.swift in Sources */ = {isa = PBXBuildFile; fileRef = 95169F6A26E64210005B3239 /* CarRow.swift */; };
		95169F6D26E650B9005B3239 /* CarModel.swift in Sources */ = {isa = PBXBuildFile; fileRef = 95169F6C26E650B9005B3239 /* CarModel.swift */; };
		95169F6F26E65D98005B3239 /* SearchView.swift in Sources */ = {isa = PBXBuildFile; fileRef = 95169F6E26E65D97005B3239 /* SearchView.swift */; };
		95169F7126E664B2005B3239 /* Details.swift in Sources */ = {isa = PBXBuildFile; fileRef = 95169F7026E664B2005B3239 /* Details.swift */; };
		95169F7326E66F43005B3239 /* ModelData.swift in Sources */ = {isa = PBXBuildFile; fileRef = 95169F7226E66F43005B3239 /* ModelData.swift */; };
		9590EECF26E78D61009627BE /* CarViewController.swift in Sources */ = {isa = PBXBuildFile; fileRef = 9590EECD26E78D61009627BE /* CarViewController.swift */; };
		9590EED026E78D61009627BE /* CarViewController.xib in Resources */ = {isa = PBXBuildFile; fileRef = 9590EECE26E78D61009627BE /* CarViewController.xib */; };
		9590EED326E78DE5009627BE /* TableViewCell.swift in Sources */ = {isa = PBXBuildFile; fileRef = 9590EED126E78DE5009627BE /* TableViewCell.swift */; };
		9590EED426E78DE5009627BE /* TableViewCell.xib in Resources */ = {isa = PBXBuildFile; fileRef = 9590EED226E78DE5009627BE /* TableViewCell.xib */; };
		9590EEDD26E7AED9009627BE /* CarDetailsViewController.swift in Sources */ = {isa = PBXBuildFile; fileRef = 9590EEDB26E7AED9009627BE /* CarDetailsViewController.swift */; };
		9590EEDE26E7AED9009627BE /* CarDetailsViewController.xib in Resources */ = {isa = PBXBuildFile; fileRef = 9590EEDC26E7AED9009627BE /* CarDetailsViewController.xib */; };
/* End PBXBuildFile section */

/* Begin PBXFileReference section */
		95169F5826E63E8F005B3239 /* CarsSwifrUI.app */ = {isa = PBXFileReference; explicitFileType = wrapper.application; includeInIndex = 0; path = CarsSwifrUI.app; sourceTree = BUILT_PRODUCTS_DIR; };
		95169F5B26E63E90005B3239 /* CarsSwifrUIApp.swift */ = {isa = PBXFileReference; lastKnownFileType = sourcecode.swift; path = CarsSwifrUIApp.swift; sourceTree = "<group>"; };
		95169F5D26E63E90005B3239 /* ContentView.swift */ = {isa = PBXFileReference; lastKnownFileType = sourcecode.swift; path = ContentView.swift; sourceTree = "<group>"; };
		95169F5F26E63E95005B3239 /* Assets.xcassets */ = {isa = PBXFileReference; lastKnownFileType = folder.assetcatalog; path = Assets.xcassets; sourceTree = "<group>"; };
		95169F6226E63E95005B3239 /* Preview Assets.xcassets */ = {isa = PBXFileReference; lastKnownFileType = folder.assetcatalog; path = "Preview Assets.xcassets"; sourceTree = "<group>"; };
		95169F6426E63E95005B3239 /* Info.plist */ = {isa = PBXFileReference; lastKnownFileType = text.plist.xml; path = Info.plist; sourceTree = "<group>"; };
		95169F6A26E64210005B3239 /* CarRow.swift */ = {isa = PBXFileReference; lastKnownFileType = sourcecode.swift; path = CarRow.swift; sourceTree = "<group>"; };
		95169F6C26E650B9005B3239 /* CarModel.swift */ = {isa = PBXFileReference; lastKnownFileType = sourcecode.swift; path = CarModel.swift; sourceTree = "<group>"; };
		95169F6E26E65D97005B3239 /* SearchView.swift */ = {isa = PBXFileReference; lastKnownFileType = sourcecode.swift; path = SearchView.swift; sourceTree = "<group>"; };
		95169F7026E664B2005B3239 /* Details.swift */ = {isa = PBXFileReference; lastKnownFileType = sourcecode.swift; path = Details.swift; sourceTree = "<group>"; };
		95169F7226E66F43005B3239 /* ModelData.swift */ = {isa = PBXFileReference; lastKnownFileType = sourcecode.swift; path = ModelData.swift; sourceTree = "<group>"; };
		9590EECD26E78D61009627BE /* CarViewController.swift */ = {isa = PBXFileReference; lastKnownFileType = sourcecode.swift; path = CarViewController.swift; sourceTree = "<group>"; };
		9590EECE26E78D61009627BE /* CarViewController.xib */ = {isa = PBXFileReference; lastKnownFileType = file.xib; path = CarViewController.xib; sourceTree = "<group>"; };
		9590EED126E78DE5009627BE /* TableViewCell.swift */ = {isa = PBXFileReference; lastKnownFileType = sourcecode.swift; path = TableViewCell.swift; sourceTree = "<group>"; };
		9590EED226E78DE5009627BE /* TableViewCell.xib */ = {isa = PBXFileReference; lastKnownFileType = file.xib; path = TableViewCell.xib; sourceTree = "<group>"; };
		9590EEDB26E7AED9009627BE /* CarDetailsViewController.swift */ = {isa = PBXFileReference; lastKnownFileType = sourcecode.swift; path = CarDetailsViewController.swift; sourceTree = "<group>"; };
		9590EEDC26E7AED9009627BE /* CarDetailsViewController.xib */ = {isa = PBXFileReference; lastKnownFileType = file.xib; path = CarDetailsViewController.xib; sourceTree = "<group>"; };
/* End PBXFileReference section */

/* Begin PBXFrameworksBuildPhase section */
		95169F5526E63E8F005B3239 /* Frameworks */ = {
			isa = PBXFrameworksBuildPhase;
			buildActionMask = 2147483647;
			files = (
			);
			runOnlyForDeploymentPostprocessing = 0;
		};
/* End PBXFrameworksBuildPhase section */

/* Begin PBXGroup section */
		95169F4F26E63E8F005B3239 = {
			isa = PBXGroup;
			children = (
				95169F5A26E63E8F005B3239 /* CarsSwifrUI */,
				95169F5926E63E8F005B3239 /* Products */,
			);
			sourceTree = "<group>";
		};
		95169F5926E63E8F005B3239 /* Products */ = {
			isa = PBXGroup;
			children = (
				95169F5826E63E8F005B3239 /* CarsSwifrUI.app */,
			);
			name = Products;
			sourceTree = "<group>";
		};
		95169F5A26E63E8F005B3239 /* CarsSwifrUI */ = {
			isa = PBXGroup;
			children = (
				95169F5B26E63E90005B3239 /* CarsSwifrUIApp.swift */,
				9590EED826E794A5009627BE /* UIKit */,
				9590EED726E7949D009627BE /* SwiftUI */,
				9590EED626E78E2A009627BE /* Models */,
				95169F6426E63E95005B3239 /* Info.plist */,
				95169F6126E63E95005B3239 /* Preview Content */,
			);
			path = CarsSwifrUI;
			sourceTree = "<group>";
		};
		95169F6126E63E95005B3239 /* Preview Content */ = {
			isa = PBXGroup;
			children = (
				95169F5F26E63E95005B3239 /* Assets.xcassets */,
				95169F6226E63E95005B3239 /* Preview Assets.xcassets */,
			);
			path = "Preview Content";
			sourceTree = "<group>";
		};
		9590EED526E78DF6009627BE /* Views */ = {
			isa = PBXGroup;
			children = (
				95169F7026E664B2005B3239 /* Details.swift */,
				95169F5D26E63E90005B3239 /* ContentView.swift */,
				95169F6A26E64210005B3239 /* CarRow.swift */,
				95169F6E26E65D97005B3239 /* SearchView.swift */,
			);
			path = Views;
			sourceTree = "<group>";
		};
		9590EED626E78E2A009627BE /* Models */ = {
			isa = PBXGroup;
			children = (
				95169F7226E66F43005B3239 /* ModelData.swift */,
				95169F6C26E650B9005B3239 /* CarModel.swift */,
			);
			path = Models;
			sourceTree = "<group>";
		};
		9590EED726E7949D009627BE /* SwiftUI */ = {
			isa = PBXGroup;
			children = (
				9590EED526E78DF6009627BE /* Views */,
			);
			path = SwiftUI;
			sourceTree = "<group>";
		};
		9590EED826E794A5009627BE /* UIKit */ = {
			isa = PBXGroup;
			children = (
				9590EECD26E78D61009627BE /* CarViewController.swift */,
				9590EECE26E78D61009627BE /* CarViewController.xib */,
				9590EED126E78DE5009627BE /* TableViewCell.swift */,
				9590EED226E78DE5009627BE /* TableViewCell.xib */,
				9590EEDB26E7AED9009627BE /* CarDetailsViewController.swift */,
				9590EEDC26E7AED9009627BE /* CarDetailsViewController.xib */,
			);
			path = UIKit;
			sourceTree = "<group>";
		};
/* End PBXGroup section */

/* Begin PBXNativeTarget section */
		95169F5726E63E8F005B3239 /* CarsSwifrUI */ = {
			isa = PBXNativeTarget;
			buildConfigurationList = 95169F6726E63E95005B3239 /* Build configuration list for PBXNativeTarget "CarsSwifrUI" */;
			buildPhases = (
				95169F5426E63E8F005B3239 /* Sources */,
				95169F5526E63E8F005B3239 /* Frameworks */,
				95169F5626E63E8F005B3239 /* Resources */,
			);
			buildRules = (
			);
			dependencies = (
			);
			name = CarsSwifrUI;
			productName = CarsSwifrUI;
			productReference = 95169F5826E63E8F005B3239 /* CarsSwifrUI.app */;
			productType = "com.apple.product-type.application";
		};
/* End PBXNativeTarget section */

/* Begin PBXProject section */
		95169F5026E63E8F005B3239 /* Project object */ = {
			isa = PBXProject;
			attributes = {
				LastSwiftUpdateCheck = 1250;
				LastUpgradeCheck = 1250;
				TargetAttributes = {
					95169F5726E63E8F005B3239 = {
						CreatedOnToolsVersion = 12.5.1;
					};
				};
			};
			buildConfigurationList = 95169F5326E63E8F005B3239 /* Build configuration list for PBXProject "CarsSwifrUI" */;
			compatibilityVersion = "Xcode 9.3";
			developmentRegion = en;
			hasScannedForEncodings = 0;
			knownRegions = (
				en,
				Base,
			);
			mainGroup = 95169F4F26E63E8F005B3239;
			productRefGroup = 95169F5926E63E8F005B3239 /* Products */;
			projectDirPath = "";
			projectRoot = "";
			targets = (
				95169F5726E63E8F005B3239 /* CarsSwifrUI */,
			);
		};
/* End PBXProject section */

/* Begin PBXResourcesBuildPhase section */
		95169F5626E63E8F005B3239 /* Resources */ = {
			isa = PBXResourcesBuildPhase;
			buildActionMask = 2147483647;
			files = (
				95169F6326E63E95005B3239 /* Preview Assets.xcassets in Resources */,
				9590EEDE26E7AED9009627BE /* CarDetailsViewController.xib in Resources */,
				9590EED426E78DE5009627BE /* TableViewCell.xib in Resources */,
				9590EED026E78D61009627BE /* CarViewController.xib in Resources */,
				95169F6026E63E95005B3239 /* Assets.xcassets in Resources */,
			);
			runOnlyForDeploymentPostprocessing = 0;
		};
/* End PBXResourcesBuildPhase section */

/* Begin PBXSourcesBuildPhase section */
		95169F5426E63E8F005B3239 /* Sources */ = {
			isa = PBXSourcesBuildPhase;
			buildActionMask = 2147483647;
			files = (
				9590EECF26E78D61009627BE /* CarViewController.swift in Sources */,
				95169F6F26E65D98005B3239 /* SearchView.swift in Sources */,
				95169F6D26E650B9005B3239 /* CarModel.swift in Sources */,
				95169F7126E664B2005B3239 /* Details.swift in Sources */,
				9590EED326E78DE5009627BE /* TableViewCell.swift in Sources */,
				95169F6B26E64210005B3239 /* CarRow.swift in Sources */,
				9590EEDD26E7AED9009627BE /* CarDetailsViewController.swift in Sources */,
				95169F5E26E63E90005B3239 /* ContentView.swift in Sources */,
				95169F5C26E63E90005B3239 /* CarsSwifrUIApp.swift in Sources */,
				95169F7326E66F43005B3239 /* ModelData.swift in Sources */,
			);
			runOnlyForDeploymentPostprocessing = 0;
		};
/* End PBXSourcesBuildPhase section */

/* Begin XCBuildConfiguration section */
		95169F6526E63E95005B3239 /* Debug */ = {
			isa = XCBuildConfiguration;
			buildSettings = {
				ALWAYS_SEARCH_USER_PATHS = NO;
				CLANG_ANALYZER_NONNULL = YES;
				CLANG_ANALYZER_NUMBER_OBJECT_CONVERSION = YES_AGGRESSIVE;
				CLANG_CXX_LANGUAGE_STANDARD = "gnu++14";
				CLANG_CXX_LIBRARY = "libc++";
				CLANG_ENABLE_MODULES = YES;
				CLANG_ENABLE_OBJC_ARC = YES;
				CLANG_ENABLE_OBJC_WEAK = YES;
				CLANG_WARN_BLOCK_CAPTURE_AUTORELEASING = YES;
				CLANG_WARN_BOOL_CONVERSION = YES;
				CLANG_WARN_COMMA = YES;
				CLANG_WARN_CONSTANT_CONVERSION = YES;
				CLANG_WARN_DEPRECATED_OBJC_IMPLEMENTATIONS = YES;
				CLANG_WARN_DIRECT_OBJC_ISA_USAGE = YES_ERROR;
				CLANG_WARN_DOCUMENTATION_COMMENTS = YES;
				CLANG_WARN_EMPTY_BODY = YES;
				CLANG_WARN_ENUM_CONVERSION = YES;
				CLANG_WARN_INFINITE_RECURSION = YES;
				CLANG_WARN_INT_CONVERSION = YES;
				CLANG_WARN_NON_LITERAL_NULL_CONVERSION = YES;
				CLANG_WARN_OBJC_IMPLICIT_RETAIN_SELF = YES;
				CLANG_WARN_OBJC_LITERAL_CONVERSION = YES;
				CLANG_WARN_OBJC_ROOT_CLASS = YES_ERROR;
				CLANG_WARN_QUOTED_INCLUDE_IN_FRAMEWORK_HEADER = YES;
				CLANG_WARN_RANGE_LOOP_ANALYSIS = YES;
				CLANG_WARN_STRICT_PROTOTYPES = YES;
				CLANG_WARN_SUSPICIOUS_MOVE = YES;
				CLANG_WARN_UNGUARDED_AVAILABILITY = YES_AGGRESSIVE;
				CLANG_WARN_UNREACHABLE_CODE = YES;
				CLANG_WARN__DUPLICATE_METHOD_MATCH = YES;
				COPY_PHASE_STRIP = NO;
				DEBUG_INFORMATION_FORMAT = dwarf;
				ENABLE_STRICT_OBJC_MSGSEND = YES;
				ENABLE_TESTABILITY = YES;
				GCC_C_LANGUAGE_STANDARD = gnu11;
				GCC_DYNAMIC_NO_PIC = NO;
				GCC_NO_COMMON_BLOCKS = YES;
				GCC_OPTIMIZATION_LEVEL = 0;
				GCC_PREPROCESSOR_DEFINITIONS = (
					"DEBUG=1",
					"$(inherited)",
				);
				GCC_WARN_64_TO_32_BIT_CONVERSION = YES;
				GCC_WARN_ABOUT_RETURN_TYPE = YES_ERROR;
				GCC_WARN_UNDECLARED_SELECTOR = YES;
				GCC_WARN_UNINITIALIZED_AUTOS = YES_AGGRESSIVE;
				GCC_WARN_UNUSED_FUNCTION = YES;
				GCC_WARN_UNUSED_VARIABLE = YES;
				IPHONEOS_DEPLOYMENT_TARGET = 14.5;
				MTL_ENABLE_DEBUG_INFO = INCLUDE_SOURCE;
				MTL_FAST_MATH = YES;
				ONLY_ACTIVE_ARCH = YES;
				SDKROOT = iphoneos;
				SWIFT_ACTIVE_COMPILATION_CONDITIONS = DEBUG;
				SWIFT_OPTIMIZATION_LEVEL = "-Onone";
			};
			name = Debug;
		};
		95169F6626E63E95005B3239 /* Release */ = {
			isa = XCBuildConfiguration;
			buildSettings = {
				ALWAYS_SEARCH_USER_PATHS = NO;
				CLANG_ANALYZER_NONNULL = YES;
				CLANG_ANALYZER_NUMBER_OBJECT_CONVERSION = YES_AGGRESSIVE;
				CLANG_CXX_LANGUAGE_STANDARD = "gnu++14";
				CLANG_CXX_LIBRARY = "libc++";
				CLANG_ENABLE_MODULES = YES;
				CLANG_ENABLE_OBJC_ARC = YES;
				CLANG_ENABLE_OBJC_WEAK = YES;
				CLANG_WARN_BLOCK_CAPTURE_AUTORELEASING = YES;
				CLANG_WARN_BOOL_CONVERSION = YES;
				CLANG_WARN_COMMA = YES;
				CLANG_WARN_CONSTANT_CONVERSION = YES;
				CLANG_WARN_DEPRECATED_OBJC_IMPLEMENTATIONS = YES;
				CLANG_WARN_DIRECT_OBJC_ISA_USAGE = YES_ERROR;
				CLANG_WARN_DOCUMENTATION_COMMENTS = YES;
				CLANG_WARN_EMPTY_BODY = YES;
				CLANG_WARN_ENUM_CONVERSION = YES;
				CLANG_WARN_INFINITE_RECURSION = YES;
				CLANG_WARN_INT_CONVERSION = YES;
				CLANG_WARN_NON_LITERAL_NULL_CONVERSION = YES;
				CLANG_WARN_OBJC_IMPLICIT_RETAIN_SELF = YES;
				CLANG_WARN_OBJC_LITERAL_CONVERSION = YES;
				CLANG_WARN_OBJC_ROOT_CLASS = YES_ERROR;
				CLANG_WARN_QUOTED_INCLUDE_IN_FRAMEWORK_HEADER = YES;
				CLANG_WARN_RANGE_LOOP_ANALYSIS = YES;
				CLANG_WARN_STRICT_PROTOTYPES = YES;
				CLANG_WARN_SUSPICIOUS_MOVE = YES;
				CLANG_WARN_UNGUARDED_AVAILABILITY = YES_AGGRESSIVE;
				CLANG_WARN_UNREACHABLE_CODE = YES;
				CLANG_WARN__DUPLICATE_METHOD_MATCH = YES;
				COPY_PHASE_STRIP = NO;
				DEBUG_INFORMATION_FORMAT = "dwarf-with-dsym";
				ENABLE_NS_ASSERTIONS = NO;
				ENABLE_STRICT_OBJC_MSGSEND = YES;
				GCC_C_LANGUAGE_STANDARD = gnu11;
				GCC_NO_COMMON_BLOCKS = YES;
				GCC_WARN_64_TO_32_BIT_CONVERSION = YES;
				GCC_WARN_ABOUT_RETURN_TYPE = YES_ERROR;
				GCC_WARN_UNDECLARED_SELECTOR = YES;
				GCC_WARN_UNINITIALIZED_AUTOS = YES_AGGRESSIVE;
				GCC_WARN_UNUSED_FUNCTION = YES;
				GCC_WARN_UNUSED_VARIABLE = YES;
				IPHONEOS_DEPLOYMENT_TARGET = 14.5;
				MTL_ENABLE_DEBUG_INFO = NO;
				MTL_FAST_MATH = YES;
				SDKROOT = iphoneos;
				SWIFT_COMPILATION_MODE = wholemodule;
				SWIFT_OPTIMIZATION_LEVEL = "-O";
				VALIDATE_PRODUCT = YES;
			};
			name = Release;
		};
		95169F6826E63E95005B3239 /* Debug */ = {
			isa = XCBuildConfiguration;
			buildSettings = {
				ASSETCATALOG_COMPILER_APPICON_NAME = AppIcon;
				ASSETCATALOG_COMPILER_GLOBAL_ACCENT_COLOR_NAME = AccentColor;
				CODE_SIGN_STYLE = Automatic;
				DEVELOPMENT_ASSET_PATHS = "\"CarsSwifrUI/Preview Content\"";
				DEVELOPMENT_TEAM = 744VW4YN96;
				ENABLE_PREVIEWS = YES;
				INFOPLIST_FILE = CarsSwifrUI/Info.plist;
				IPHONEOS_DEPLOYMENT_TARGET = 14.0;
				LD_RUNPATH_SEARCH_PATHS = (
					"$(inherited)",
					"@executable_path/Frameworks",
				);
				PRODUCT_BUNDLE_IDENTIFIER = kk.CarsSwifrUI;
				PRODUCT_NAME = "$(TARGET_NAME)";
				SWIFT_VERSION = 5.0;
				TARGETED_DEVICE_FAMILY = "1,2";
			};
			name = Debug;
		};
		95169F6926E63E95005B3239 /* Release */ = {
			isa = XCBuildConfiguration;
			buildSettings = {
				ASSETCATALOG_COMPILER_APPICON_NAME = AppIcon;
				ASSETCATALOG_COMPILER_GLOBAL_ACCENT_COLOR_NAME = AccentColor;
				CODE_SIGN_STYLE = Automatic;
				DEVELOPMENT_ASSET_PATHS = "\"CarsSwifrUI/Preview Content\"";
				DEVELOPMENT_TEAM = 744VW4YN96;
				ENABLE_PREVIEWS = YES;
				INFOPLIST_FILE = CarsSwifrUI/Info.plist;
				IPHONEOS_DEPLOYMENT_TARGET = 14.0;
				LD_RUNPATH_SEARCH_PATHS = (
					"$(inherited)",
					"@executable_path/Frameworks",
				);
				PRODUCT_BUNDLE_IDENTIFIER = kk.CarsSwifrUI;
				PRODUCT_NAME = "$(TARGET_NAME)";
				SWIFT_VERSION = 5.0;
				TARGETED_DEVICE_FAMILY = "1,2";
			};
			name = Release;
		};
/* End XCBuildConfiguration section */

/* Begin XCConfigurationList section */
		95169F5326E63E8F005B3239 /* Build configuration list for PBXProject "CarsSwifrUI" */ = {
			isa = XCConfigurationList;
			buildConfigurations = (
				95169F6526E63E95005B3239 /* Debug */,
				95169F6626E63E95005B3239 /* Release */,
			);
			defaultConfigurationIsVisible = 0;
			defaultConfigurationName = Release;
		};
		95169F6726E63E95005B3239 /* Build configuration list for PBXNativeTarget "CarsSwifrUI" */ = {
			isa = XCConfigurationList;
			buildConfigurations = (
				95169F6826E63E95005B3239 /* Debug */,
				95169F6926E63E95005B3239 /* Release */,
			);
			defaultConfigurationIsVisible = 0;
			defaultConfigurationName = Release;
		};
/* End XCConfigurationList section */
	};
	rootObject = 95169F5026E63E8F005B3239 /* Project object */;
}
